Microsoft Visual Studio Solution File, Format Version 12.00
# Visual Studio Version 17
VisualStudioVersion = 17.8.34601.278
MinimumVisualStudioVersion = 10.0.40219.1
Project("{9A19103F-16F7-4668-BE54-9A1E7A4F7556}") = "RecordWatcher.Core", "RecordWatcher.Core\RecordWatcher.Core.csproj", "{B06A719E-8540-4075-8360-DA73F03242E5}"
EndProject
Project("{FAE04EC0-301F-11D3-BF4B-00C04F79EFBC}") = "RecordWatcher.Api", "RecordWatcher.Api\RecordWatcher.Api.csproj", "{7B9D7C44-A359-4B96-9AFA-66B26672A6DE}"
EndProject
Global
	GlobalSection(SolutionConfigurationPlatforms) = preSolution
		Debug|Any CPU = Debug|Any CPU
		Release|Any CPU = Release|Any CPU
	EndGlobalSection
	GlobalSection(ProjectConfigurationPlatforms) = postSolution
		{B06A719E-8540-4075-8360-DA73F03242E5}.Debug|Any CPU.ActiveCfg = Debug|Any CPU
		{B06A719E-8540-4075-8360-DA73F03242E5}.Debug|Any CPU.Build.0 = Debug|Any CPU
		{B06A719E-8540-4075-8360-DA73F03242E5}.Release|Any CPU.ActiveCfg = Release|Any CPU
		{B06A719E-8540-4075-8360-DA73F03242E5}.Release|Any CPU.Build.0 = Release|Any CPU
		{7B9D7C44-A359-4B96-9AFA-66B26672A6DE}.Debug|Any CPU.ActiveCfg = Debug|Any CPU
		{7B9D7C44-A359-4B96-9AFA-66B26672A6DE}.Debug|Any CPU.Build.0 = Debug|Any CPU
		{7B9D7C44-A359-4B96-9AFA-66B26672A6DE}.Release|Any CPU.ActiveCfg = Release|Any CPU
		{7B9D7C44-A359-4B96-9AFA-66B26672A6DE}.Release|Any CPU.Build.0 = Release|Any CPU
	EndGlobalSection
	GlobalSection(SolutionProperties) = preSolution
		HideSolutionNode = FALSE
	EndGlobalSection
	GlobalSection(ExtensibilityGlobals) = postSolution
		SolutionGuid = {6CACF08B-FD3F-4F18-95A0-856321541E67}
	EndGlobalSection
EndGlobal
